// !$*UTF8*$!
{
	archiveVersion = 1;
	classes = {
	};
	objectVersion = 46;
	objects = {

/* Begin PBXBuildFile section */
		AFCFEFB51A25B9E200C508E7 /* main.m in Sources */ = {isa = PBXBuildFile; fileRef = AFCFEFB41A25B9E200C508E7 /* main.m */; };
		AFCFEFB81A25B9E200C508E7 /* AppDelegate.m in Sources */ = {isa = PBXBuildFile; fileRef = AFCFEFB71A25B9E200C508E7 /* AppDelegate.m */; };
		AFCFEFBB1A25B9E200C508E7 /* LoginViewController.m in Sources */ = {isa = PBXBuildFile; fileRef = AFCFEFBA1A25B9E200C508E7 /* LoginViewController.m */; };
		AFCFEFBE1A25B9E200C508E7 /* Main.storyboard in Resources */ = {isa = PBXBuildFile; fileRef = AFCFEFBC1A25B9E200C508E7 /* Main.storyboard */; };
		AFCFEFC01A25B9E200C508E7 /* Images.xcassets in Resources */ = {isa = PBXBuildFile; fileRef = AFCFEFBF1A25B9E200C508E7 /* Images.xcassets */; };
		AFCFEFC31A25B9E200C508E7 /* LaunchScreen.xib in Resources */ = {isa = PBXBuildFile; fileRef = AFCFEFC11A25B9E200C508E7 /* LaunchScreen.xib */; };
		AFCFEFCF1A25B9E200C508E7 /* DianlalaTests.m in Sources */ = {isa = PBXBuildFile; fileRef = AFCFEFCE1A25B9E200C508E7 /* DianlalaTests.m */; };
		AFCFEFDE1A25F7C700C508E7 /* QRViewController.m in Sources */ = {isa = PBXBuildFile; fileRef = AFCFEFDD1A25F7C700C508E7 /* QRViewController.m */; };
		AFCFEFE01A25FD6000C508E7 /* beep.mp3 in Resources */ = {isa = PBXBuildFile; fileRef = AFCFEFDF1A25FD6000C508E7 /* beep.mp3 */; };
		BC2B7B0A564C6CEC8337CBC8 /* libPods.a in Frameworks */ = {isa = PBXBuildFile; fileRef = 8B58DED6D18CD1CA018BEAE3 /* libPods.a */; };
/* End PBXBuildFile section */

/* Begin PBXContainerItemProxy section */
		AFCFEFC91A25B9E200C508E7 /* PBXContainerItemProxy */ = {
			isa = PBXContainerItemProxy;
			containerPortal = AFCFEFA71A25B9E200C508E7 /* Project object */;
			proxyType = 1;
			remoteGlobalIDString = AFCFEFAE1A25B9E200C508E7;
			remoteInfo = Dianlala;
		};
/* End PBXContainerItemProxy section */

/* Begin PBXFileReference section */
		8B58DED6D18CD1CA018BEAE3 /* libPods.a */ = {isa = PBXFileReference; explicitFileType = archive.ar; includeInIndex = 0; path = libPods.a; sourceTree = BUILT_PRODUCTS_DIR; };
		AFCFEFAF1A25B9E200C508E7 /* Dianlala.app */ = {isa = PBXFileReference; explicitFileType = wrapper.application; includeInIndex = 0; path = Dianlala.app; sourceTree = BUILT_PRODUCTS_DIR; };
		AFCFEFB31A25B9E200C508E7 /* Info.plist */ = {isa = PBXFileReference; lastKnownFileType = text.plist.xml; path = Info.plist; sourceTree = "<group>"; };
		AFCFEFB41A25B9E200C508E7 /* main.m */ = {isa = PBXFileReference; lastKnownFileType = sourcecode.c.objc; path = main.m; sourceTree = "<group>"; };
		AFCFEFB61A25B9E200C508E7 /* AppDelegate.h */ = {isa = PBXFileReference; lastKnownFileType = sourcecode.c.h; path = AppDelegate.h; sourceTree = "<group>"; };
		AFCFEFB71A25B9E200C508E7 /* AppDelegate.m */ = {isa = PBXFileReference; lastKnownFileType = sourcecode.c.objc; path = AppDelegate.m; sourceTree = "<group>"; };
		AFCFEFB91A25B9E200C508E7 /* LoginViewController.h */ = {isa = PBXFileReference; lastKnownFileType = sourcecode.c.h; path = LoginViewController.h; sourceTree = "<group>"; };
		AFCFEFBA1A25B9E200C508E7 /* LoginViewController.m */ = {isa = PBXFileReference; lastKnownFileType = sourcecode.c.objc; path = LoginViewController.m; sourceTree = "<group>"; };
		AFCFEFBD1A25B9E200C508E7 /* Base */ = {isa = PBXFileReference; lastKnownFileType = file.storyboard; name = Base; path = Base.lproj/Main.storyboard; sourceTree = "<group>"; };
		AFCFEFBF1A25B9E200C508E7 /* Images.xcassets */ = {isa = PBXFileReference; lastKnownFileType = folder.assetcatalog; path = Images.xcassets; sourceTree = "<group>"; };
		AFCFEFC21A25B9E200C508E7 /* Base */ = {isa = PBXFileReference; lastKnownFileType = file.xib; name = Base; path = Base.lproj/LaunchScreen.xib; sourceTree = "<group>"; };
		AFCFEFC81A25B9E200C508E7 /* DianlalaTests.xctest */ = {isa = PBXFileReference; explicitFileType = wrapper.cfbundle; includeInIndex = 0; path = DianlalaTests.xctest; sourceTree = BUILT_PRODUCTS_DIR; };
		AFCFEFCD1A25B9E200C508E7 /* Info.plist */ = {isa = PBXFileReference; lastKnownFileType = text.plist.xml; path = Info.plist; sourceTree = "<group>"; };
		AFCFEFCE1A25B9E200C508E7 /* DianlalaTests.m */ = {isa = PBXFileReference; lastKnownFileType = sourcecode.c.objc; path = DianlalaTests.m; sourceTree = "<group>"; };
		AFCFEFDC1A25F7C600C508E7 /* QRViewController.h */ = {isa = PBXFileReference; fileEncoding = 4; lastKnownFileType = sourcecode.c.h; path = QRViewController.h; sourceTree = "<group>"; };
		AFCFEFDD1A25F7C700C508E7 /* QRViewController.m */ = {isa = PBXFileReference; fileEncoding = 4; lastKnownFileType = sourcecode.c.objc; path = QRViewController.m; sourceTree = "<group>"; };
		AFCFEFDF1A25FD6000C508E7 /* beep.mp3 */ = {isa = PBXFileReference; lastKnownFileType = audio.mp3; path = beep.mp3; sourceTree = "<group>"; };
		BADD36F590F7E1511B8BFD23 /* Pods.debug.xcconfig */ = {isa = PBXFileReference; includeInIndex = 1; lastKnownFileType = text.xcconfig; name = Pods.debug.xcconfig; path = "Pods/Target Support Files/Pods/Pods.debug.xcconfig"; sourceTree = "<group>"; };
		BF54BFD3F69D7D8686E53AA9 /* Pods.release.xcconfig */ = {isa = PBXFileReference; includeInIndex = 1; lastKnownFileType = text.xcconfig; name = Pods.release.xcconfig; path = "Pods/Target Support Files/Pods/Pods.release.xcconfig"; sourceTree = "<group>"; };
/* End PBXFileReference section */

/* Begin PBXFrameworksBuildPhase section */
		AFCFEFAC1A25B9E200C508E7 /* Frameworks */ = {
			isa = PBXFrameworksBuildPhase;
			buildActionMask = 2147483647;
			files = (
				BC2B7B0A564C6CEC8337CBC8 /* libPods.a in Frameworks */,
			);
			runOnlyForDeploymentPostprocessing = 0;
		};
		AFCFEFC51A25B9E200C508E7 /* Frameworks */ = {
			isa = PBXFrameworksBuildPhase;
			buildActionMask = 2147483647;
			files = (
			);
			runOnlyForDeploymentPostprocessing = 0;
		};
/* End PBXFrameworksBuildPhase section */

/* Begin PBXGroup section */
		2511227A96A8B0C6E540EAA3 /* Frameworks */ = {
			isa = PBXGroup;
			children = (
				8B58DED6D18CD1CA018BEAE3 /* libPods.a */,
			);
			name = Frameworks;
			sourceTree = "<group>";
		};
		52AB37D58565ECF55B01B0B0 /* Pods */ = {
			isa = PBXGroup;
			children = (
				BADD36F590F7E1511B8BFD23 /* Pods.debug.xcconfig */,
				BF54BFD3F69D7D8686E53AA9 /* Pods.release.xcconfig */,
			);
			name = Pods;
			sourceTree = "<group>";
		};
		AFCFEFA61A25B9E200C508E7 = {
			isa = PBXGroup;
			children = (
				AFCFEFB11A25B9E200C508E7 /* Dianlala */,
				AFCFEFCB1A25B9E200C508E7 /* DianlalaTests */,
				AFCFEFB01A25B9E200C508E7 /* Products */,
				52AB37D58565ECF55B01B0B0 /* Pods */,
				2511227A96A8B0C6E540EAA3 /* Frameworks */,
			);
			sourceTree = "<group>";
		};
		AFCFEFB01A25B9E200C508E7 /* Products */ = {
			isa = PBXGroup;
			children = (
				AFCFEFAF1A25B9E200C508E7 /* Dianlala.app */,
				AFCFEFC81A25B9E200C508E7 /* DianlalaTests.xctest */,
			);
			name = Products;
			sourceTree = "<group>";
		};
		AFCFEFB11A25B9E200C508E7 /* Dianlala */ = {
			isa = PBXGroup;
			children = (
				AFCFEFB91A25B9E200C508E7 /* LoginViewController.h */,
				AFCFEFBA1A25B9E200C508E7 /* LoginViewController.m */,
				AFCFEFDC1A25F7C600C508E7 /* QRViewController.h */,
				AFCFEFDD1A25F7C700C508E7 /* QRViewController.m */,
				AFCFEFBC1A25B9E200C508E7 /* Main.storyboard */,
				AFCFEFD81A25E3CF00C508E7 /* Vendor */,
				AFCFEFB21A25B9E200C508E7 /* Supporting Files */,
			);
			path = Dianlala;
			sourceTree = "<group>";
		};
		AFCFEFB21A25B9E200C508E7 /* Supporting Files */ = {
			isa = PBXGroup;
			children = (
				AFCFEFDF1A25FD6000C508E7 /* beep.mp3 */,
				AFCFEFBF1A25B9E200C508E7 /* Images.xcassets */,
				AFCFEFB61A25B9E200C508E7 /* AppDelegate.h */,
				AFCFEFB71A25B9E200C508E7 /* AppDelegate.m */,
				AFCFEFC11A25B9E200C508E7 /* LaunchScreen.xib */,
				AFCFEFB31A25B9E200C508E7 /* Info.plist */,
				AFCFEFB41A25B9E200C508E7 /* main.m */,
			);
			name = "Supporting Files";
			sourceTree = "<group>";
		};
		AFCFEFCB1A25B9E200C508E7 /* DianlalaTests */ = {
			isa = PBXGroup;
			children = (
				AFCFEFCE1A25B9E200C508E7 /* DianlalaTests.m */,
				AFCFEFCC1A25B9E200C508E7 /* Supporting Files */,
			);
			path = DianlalaTests;
			sourceTree = "<group>";
		};
		AFCFEFCC1A25B9E200C508E7 /* Supporting Files */ = {
			isa = PBXGroup;
			children = (
				AFCFEFCD1A25B9E200C508E7 /* Info.plist */,
			);
			name = "Supporting Files";
			sourceTree = "<group>";
		};
		AFCFEFD81A25E3CF00C508E7 /* Vendor */ = {
			isa = PBXGroup;
			children = (
			);
			name = Vendor;
			sourceTree = "<group>";
		};
/* End PBXGroup section */

/* Begin PBXNativeTarget section */
		AFCFEFAE1A25B9E200C508E7 /* Dianlala */ = {
			isa = PBXNativeTarget;
			buildConfigurationList = AFCFEFD21A25B9E200C508E7 /* Build configuration list for PBXNativeTarget "Dianlala" */;
			buildPhases = (
				37342B0631A0E497796BBC8C /* Check Pods Manifest.lock */,
				AFCFEFAB1A25B9E200C508E7 /* Sources */,
				AFCFEFAC1A25B9E200C508E7 /* Frameworks */,
				AFCFEFAD1A25B9E200C508E7 /* Resources */,
				67670CFECB63705F41702D8A /* Copy Pods Resources */,
			);
			buildRules = (
			);
			dependencies = (
			);
			name = Dianlala;
			productName = Dianlala;
			productReference = AFCFEFAF1A25B9E200C508E7 /* Dianlala.app */;
			productType = "com.apple.product-type.application";
		};
		AFCFEFC71A25B9E200C508E7 /* DianlalaTests */ = {
			isa = PBXNativeTarget;
			buildConfigurationList = AFCFEFD51A25B9E200C508E7 /* Build configuration list for PBXNativeTarget "DianlalaTests" */;
			buildPhases = (
				AFCFEFC41A25B9E200C508E7 /* Sources */,
				AFCFEFC51A25B9E200C508E7 /* Frameworks */,
				AFCFEFC61A25B9E200C508E7 /* Resources */,
			);
			buildRules = (
			);
			dependencies = (
				AFCFEFCA1A25B9E200C508E7 /* PBXTargetDependency */,
			);
			name = DianlalaTests;
			productName = DianlalaTests;
			productReference = AFCFEFC81A25B9E200C508E7 /* DianlalaTests.xctest */;
			productType = "com.apple.product-type.bundle.unit-test";
		};
/* End PBXNativeTarget section */

/* Begin PBXProject section */
		AFCFEFA71A25B9E200C508E7 /* Project object */ = {
			isa = PBXProject;
			attributes = {
				LastUpgradeCheck = 0610;
				ORGANIZATIONNAME = MexiQQ;
				TargetAttributes = {
					AFCFEFAE1A25B9E200C508E7 = {
						CreatedOnToolsVersion = 6.1;
					};
					AFCFEFC71A25B9E200C508E7 = {
						CreatedOnToolsVersion = 6.1;
						TestTargetID = AFCFEFAE1A25B9E200C508E7;
					};
				};
			};
			buildConfigurationList = AFCFEFAA1A25B9E200C508E7 /* Build configuration list for PBXProject "Dianlala" */;
			compatibilityVersion = "Xcode 3.2";
			developmentRegion = English;
			hasScannedForEncodings = 0;
			knownRegions = (
				en,
				Base,
			);
			mainGroup = AFCFEFA61A25B9E200C508E7;
			productRefGroup = AFCFEFB01A25B9E200C508E7 /* Products */;
			projectDirPath = "";
			projectRoot = "";
			targets = (
				AFCFEFAE1A25B9E200C508E7 /* Dianlala */,
				AFCFEFC71A25B9E200C508E7 /* DianlalaTests */,
			);
		};
/* End PBXProject section */

/* Begin PBXResourcesBuildPhase section */
		AFCFEFAD1A25B9E200C508E7 /* Resources */ = {
			isa = PBXResourcesBuildPhase;
			buildActionMask = 2147483647;
			files = (
				AFCFEFBE1A25B9E200C508E7 /* Main.storyboard in Resources */,
				AFCFEFC31A25B9E200C508E7 /* LaunchScreen.xib in Resources */,
				AFCFEFE01A25FD6000C508E7 /* beep.mp3 in Resources */,
				AFCFEFC01A25B9E200C508E7 /* Images.xcassets in Resources */,
			);
			runOnlyForDeploymentPostprocessing = 0;
		};
		AFCFEFC61A25B9E200C508E7 /* Resources */ = {
			isa = PBXResourcesBuildPhase;
			buildActionMask = 2147483647;
			files = (
			);
			runOnlyForDeploymentPostprocessing = 0;
		};
/* End PBXResourcesBuildPhase section */

/* Begin PBXShellScriptBuildPhase section */
		37342B0631A0E497796BBC8C /* Check Pods Manifest.lock */ = {
			isa = PBXShellScriptBuildPhase;
			buildActionMask = 2147483647;
			files = (
			);
			inputPaths = (
			);
			name = "Check Pods Manifest.lock";
			outputPaths = (
			);
			runOnlyForDeploymentPostprocessing = 0;
			shellPath = /bin/sh;
			shellScript = "diff \"${PODS_ROOT}/../Podfile.lock\" \"${PODS_ROOT}/Manifest.lock\" > /dev/null\nif [[ $? != 0 ]] ; then\n    cat << EOM\nerror: The sandbox is not in sync with the Podfile.lock. Run 'pod install' or update your CocoaPods installation.\nEOM\n    exit 1\nfi\n";
			showEnvVarsInLog = 0;
		};
		67670CFECB63705F41702D8A /* Copy Pods Resources */ = {
			isa = PBXShellScriptBuildPhase;
			buildActionMask = 2147483647;
			files = (
			);
			inputPaths = (
			);
			name = "Copy Pods Resources";
			outputPaths = (
			);
			runOnlyForDeploymentPostprocessing = 0;
			shellPath = /bin/sh;
			shellScript = "\"${SRCROOT}/Pods/Target Support Files/Pods/Pods-resources.sh\"\n";
			showEnvVarsInLog = 0;
		};
/* End PBXShellScriptBuildPhase section */

/* Begin PBXSourcesBuildPhase section */
		AFCFEFAB1A25B9E200C508E7 /* Sources */ = {
			isa = PBXSourcesBuildPhase;
			buildActionMask = 2147483647;
			files = (
				AFCFEFBB1A25B9E200C508E7 /* LoginViewController.m in Sources */,
				AFCFEFB81A25B9E200C508E7 /* AppDelegate.m in Sources */,
				AFCFEFDE1A25F7C700C508E7 /* QRViewController.m in Sources */,
				AFCFEFB51A25B9E200C508E7 /* main.m in Sources */,
			);
			runOnlyForDeploymentPostprocessing = 0;
		};
		AFCFEFC41A25B9E200C508E7 /* Sources */ = {
			isa = PBXSourcesBuildPhase;
			buildActionMask = 2147483647;
			files = (
				AFCFEFCF1A25B9E200C508E7 /* DianlalaTests.m in Sources */,
			);
			runOnlyForDeploymentPostprocessing = 0;
		};
/* End PBXSourcesBuildPhase section */

/* Begin PBXTargetDependency section */
		AFCFEFCA1A25B9E200C508E7 /* PBXTargetDependency */ = {
			isa = PBXTargetDependency;
			target = AFCFEFAE1A25B9E200C508E7 /* Dianlala */;
			targetProxy = AFCFEFC91A25B9E200C508E7 /* PBXContainerItemProxy */;
		};
/* End PBXTargetDependency section */

/* Begin PBXVariantGroup section */
		AFCFEFBC1A25B9E200C508E7 /* Main.storyboard */ = {
			isa = PBXVariantGroup;
			children = (
				AFCFEFBD1A25B9E200C508E7 /* Base */,
			);
			name = Main.storyboard;
			sourceTree = "<group>";
		};
		AFCFEFC11A25B9E200C508E7 /* LaunchScreen.xib */ = {
			isa = PBXVariantGroup;
			children = (
				AFCFEFC21A25B9E200C508E7 /* Base */,
			);
			name = LaunchScreen.xib;
			sourceTree = "<group>";
		};
/* End PBXVariantGroup section */

/* Begin XCBuildConfiguration section */
		AFCFEFD01A25B9E200C508E7 /* Debug */ = {
			isa = XCBuildConfiguration;
			buildSettings = {
				ALWAYS_SEARCH_USER_PATHS = NO;
				CLANG_CXX_LANGUAGE_STANDARD = "gnu++0x";
				CLANG_CXX_LIBRARY = "libc++";
				CLANG_ENABLE_MODULES = YES;
				CLANG_ENABLE_OBJC_ARC = YES;
				CLANG_WARN_BOOL_CONVERSION = YES;
				CLANG_WARN_CONSTANT_CONVERSION = YES;
				CLANG_WARN_DIRECT_OBJC_ISA_USAGE = YES_ERROR;
				CLANG_WARN_EMPTY_BODY = YES;
				CLANG_WARN_ENUM_CONVERSION = YES;
				CLANG_WARN_INT_CONVERSION = YES;
				CLANG_WARN_OBJC_ROOT_CLASS = YES_ERROR;
				CLANG_WARN_UNREACHABLE_CODE = YES;
				CLANG_WARN__DUPLICATE_METHOD_MATCH = YES;
				"CODE_SIGN_IDENTITY[sdk=iphoneos*]" = "iPhone Developer";
				COPY_PHASE_STRIP = NO;
				ENABLE_STRICT_OBJC_MSGSEND = YES;
				GCC_C_LANGUAGE_STANDARD = gnu99;
				GCC_DYNAMIC_NO_PIC = NO;
				GCC_OPTIMIZATION_LEVEL = 0;
				GCC_PREPROCESSOR_DEFINITIONS = (
					"DEBUG=1",
					"$(inherited)",
				);
				GCC_SYMBOLS_PRIVATE_EXTERN = NO;
				GCC_WARN_64_TO_32_BIT_CONVERSION = YES;
				GCC_WARN_ABOUT_RETURN_TYPE = YES_ERROR;
				GCC_WARN_UNDECLARED_SELECTOR = YES;
				GCC_WARN_UNINITIALIZED_AUTOS = YES_AGGRESSIVE;
				GCC_WARN_UNUSED_FUNCTION = YES;
				GCC_WARN_UNUSED_VARIABLE = YES;
				IPHONEOS_DEPLOYMENT_TARGET = 8.1;
				MTL_ENABLE_DEBUG_INFO = YES;
				ONLY_ACTIVE_ARCH = YES;
				SDKROOT = iphoneos;
			};
			name = Debug;
		};
		AFCFEFD11A25B9E200C508E7 /* Release */ = {
			isa = XCBuildConfiguration;
			buildSettings = {
				ALWAYS_SEARCH_USER_PATHS = NO;
				CLANG_CXX_LANGUAGE_STANDARD = "gnu++0x";
				CLANG_CXX_LIBRARY = "libc++";
				CLANG_ENABLE_MODULES = YES;
				CLANG_ENABLE_OBJC_ARC = YES;
				CLANG_WARN_BOOL_CONVERSION = YES;
				CLANG_WARN_CONSTANT_CONVERSION = YES;
				CLANG_WARN_DIRECT_OBJC_ISA_USAGE = YES_ERROR;
				CLANG_WARN_EMPTY_BODY = YES;
				CLANG_WARN_ENUM_CONVERSION = YES;
				CLANG_WARN_INT_CONVERSION = YES;
				CLANG_WARN_OBJC_ROOT_CLASS = YES_ERROR;
				CLANG_WARN_UNREACHABLE_CODE = YES;
				CLANG_WARN__DUPLICATE_METHOD_MATCH = YES;
				"CODE_SIGN_IDENTITY[sdk=iphoneos*]" = "iPhone Developer";
				COPY_PHASE_STRIP = YES;
				ENABLE_NS_ASSERTIONS = NO;
				ENABLE_STRICT_OBJC_MSGSEND = YES;
				GCC_C_LANGUAGE_STANDARD = gnu99;
				GCC_WARN_64_TO_32_BIT_CONVERSION = YES;
				GCC_WARN_ABOUT_RETURN_TYPE = YES_ERROR;
				GCC_WARN_UNDECLARED_SELECTOR = YES;
				GCC_WARN_UNINITIALIZED_AUTOS = YES_AGGRESSIVE;
				GCC_WARN_UNUSED_FUNCTION = YES;
				GCC_WARN_UNUSED_VARIABLE = YES;
				IPHONEOS_DEPLOYMENT_TARGET = 8.1;
				MTL_ENABLE_DEBUG_INFO = NO;
				SDKROOT = iphoneos;
				VALIDATE_PRODUCT = YES;
			};
			name = Release;
		};
		AFCFEFD31A25B9E200C508E7 /* Debug */ = {
			isa = XCBuildConfiguration;
			baseConfigurationReference = BADD36F590F7E1511B8BFD23 /* Pods.debug.xcconfig */;
			buildSettings = {
				ASSETCATALOG_COMPILER_APPICON_NAME = AppIcon;
				INFOPLIST_FILE = Dianlala/Info.plist;
				LD_RUNPATH_SEARCH_PATHS = "$(inherited) @executable_path/Frameworks";
				PRODUCT_NAME = "$(TARGET_NAME)";
			};
			name = Debug;
		};
		AFCFEFD41A25B9E200C508E7 /* Release */ = {
			isa = XCBuildConfiguration;
			baseConfigurationReference = BF54BFD3F69D7D8686E53AA9 /* Pods.release.xcconfig */;
			buildSettings = {
				ASSETCATALOG_COMPILER_APPICON_NAME = AppIcon;
				INFOPLIST_FILE = Dianlala/Info.plist;
				LD_RUNPATH_SEARCH_PATHS = "$(inherited) @executable_path/Frameworks";
				PRODUCT_NAME = "$(TARGET_NAME)";
			};
			name = Release;
		};
		AFCFEFD61A25B9E200C508E7 /* Debug */ = {
			isa = XCBuildConfiguration;
			buildSettings = {
				BUNDLE_LOADER = "$(TEST_HOST)";
				FRAMEWORK_SEARCH_PATHS = (
					"$(SDKROOT)/Developer/Library/Frameworks",
					"$(inherited)",
				);
				GCC_PREPROCESSOR_DEFINITIONS = (
					"DEBUG=1",
					"$(inherited)",
				);
				INFOPLIST_FILE = DianlalaTests/Info.plist;
				LD_RUNPATH_SEARCH_PATHS = "$(inherited) @executable_path/Frameworks @loader_path/Frameworks";
				PRODUCT_NAME = "$(TARGET_NAME)";
				TEST_HOST = "$(BUILT_PRODUCTS_DIR)/Dianlala.app/Dianlala";
			};
			name = Debug;
		};
		AFCFEFD71A25B9E200C508E7 /* Release */ = {
			isa = XCBuildConfiguration;
			buildSettings = {
				BUNDLE_LOADER = "$(TEST_HOST)";
				FRAMEWORK_SEARCH_PATHS = (
					"$(SDKROOT)/Developer/Library/Frameworks",
					"$(inherited)",
				);
				INFOPLIST_FILE = DianlalaTests/Info.plist;
				LD_RUNPATH_SEARCH_PATHS = "$(inherited) @executable_path/Frameworks @loader_path/Frameworks";
				PRODUCT_NAME = "$(TARGET_NAME)";
				TEST_HOST = "$(BUILT_PRODUCTS_DIR)/Dianlala.app/Dianlala";
			};
			name = Release;
		};
/* End XCBuildConfiguration section */

/* Begin XCConfigurationList section */
		AFCFEFAA1A25B9E200C508E7 /* Build configuration list for PBXProject "Dianlala" */ = {
			isa = XCConfigurationList;
			buildConfigurations = (
				AFCFEFD01A25B9E200C508E7 /* Debug */,
				AFCFEFD11A25B9E200C508E7 /* Release */,
			);
			defaultConfigurationIsVisible = 0;
			defaultConfigurationName = Release;
		};
		AFCFEFD21A25B9E200C508E7 /* Build configuration list for PBXNativeTarget "Dianlala" */ = {
			isa = XCConfigurationList;
			buildConfigurations = (
				AFCFEFD31A25B9E200C508E7 /* Debug */,
				AFCFEFD41A25B9E200C508E7 /* Release */,
			);
			defaultConfigurationIsVisible = 0;
			defaultConfigurationName = Release;
		};
		AFCFEFD51A25B9E200C508E7 /* Build configuration list for PBXNativeTarget "DianlalaTests" */ = {
			isa = XCConfigurationList;
			buildConfigurations = (
				AFCFEFD61A25B9E200C508E7 /* Debug */,
				AFCFEFD71A25B9E200C508E7 /* Release */,
			);
			defaultConfigurationIsVisible = 0;
			defaultConfigurationName = Release;
		};
/* End XCConfigurationList section */
	};
	rootObject = AFCFEFA71A25B9E200C508E7 /* Project object */;
}
